
Microsoft Visual Studio Solution File, Format Version 12.00
# Visual Studio 15
VisualStudioVersion = 15.0.27428.2015
MinimumVisualStudioVersion = 10.0.40219.1
Project("{FAE04EC0-301F-11D3-BF4B-00C04F79EFBC}") = "RealtimePersister", "RealtimePersister.csproj", "{D7315ABE-E0AA-4849-9127-51A0AC94FCDD}"
EndProject
Global
	GlobalSection(SolutionConfigurationPlatforms) = preSolution
		Debug|Any CPU = Debug|Any CPU
		Release|Any CPU = Release|Any CPU
	EndGlobalSection
	GlobalSection(ProjectConfigurationPlatforms) = postSolution
		{D7315ABE-E0AA-4849-9127-51A0AC94FCDD}.Debug|Any CPU.ActiveCfg = Debug|Any CPU
		{D7315ABE-E0AA-4849-9127-51A0AC94FCDD}.Debug|Any CPU.Build.0 = Debug|Any CPU
		{D7315ABE-E0AA-4849-9127-51A0AC94FCDD}.Release|Any CPU.ActiveCfg = Release|Any CPU
		{D7315ABE-E0AA-4849-9127-51A0AC94FCDD}.Release|Any CPU.Build.0 = Release|Any CPU
	EndGlobalSection
	GlobalSection(SolutionProperties) = preSolution
		HideSolutionNode = FALSE
	EndGlobalSection
	GlobalSection(ExtensibilityGlobals) = postSolution
		SolutionGuid = {3300505D-B033-4636-98EC-93E4596CCE8F}
	EndGlobalSection
EndGlobal
